
Microsoft Visual Studio Solution File, Format Version 12.00
# Visual Studio Version 16
VisualStudioVersion = 16.0.31410.357
MinimumVisualStudioVersion = 10.0.40219.1
Project("{FAE04EC0-301F-11D3-BF4B-00C04F79EFBC}") = "NorthwindDatabase", "NorthwindDatabase\NorthwindDatabase.csproj", "{390D3304-F824-4C3F-9B78-4B08F28A869B}"
EndProject
Global
	GlobalSection(SolutionConfigurationPlatforms) = preSolution
		Debug|Any CPU = Debug|Any CPU
		Release|Any CPU = Release|Any CPU
	EndGlobalSection
	GlobalSection(ProjectConfigurationPlatforms) = postSolution
		{390D3304-F824-4C3F-9B78-4B08F28A869B}.Debug|Any CPU.ActiveCfg = Debug|Any CPU
		{390D3304-F824-4C3F-9B78-4B08F28A869B}.Debug|Any CPU.Build.0 = Debug|Any CPU
		{390D3304-F824-4C3F-9B78-4B08F28A869B}.Release|Any CPU.ActiveCfg = Release|Any CPU
		{390D3304-F824-4C3F-9B78-4B08F28A869B}.Release|Any CPU.Build.0 = Release|Any CPU
	EndGlobalSection
	GlobalSection(SolutionProperties) = preSolution
		HideSolutionNode = FALSE
	EndGlobalSection
	GlobalSection(ExtensibilityGlobals) = postSolution
		SolutionGuid = {98B55E16-4F76-40F8-8E72-EB42D677EB2E}
	EndGlobalSection
EndGlobal
